
Microsoft Visual Studio Solution File, Format Version 12.00
# Visual Studio Version 16
VisualStudioVersion = 16.0.810.21
MinimumVisualStudioVersion = 10.0.40219.1
Project("{FAE04EC0-301F-11D3-BF4B-00C04F79EFBC}") = "AcademyTask.ConsoleApp", "AcademyTask.ConsoleApp\AcademyTask.ConsoleApp.csproj", "{2E7CDFE0-BA32-425F-8F40-6E1001EC1C30}"
EndProject
Project("{FAE04EC0-301F-11D3-BF4B-00C04F79EFBC}") = "AcademyTask.ConsoleApp2", "AcademyTask.ConsoleApp2\AcademyTask.ConsoleApp2.csproj", "{A71436A6-817A-40BE-AA05-AADD941A839D}"
EndProject
Global
	GlobalSection(SolutionConfigurationPlatforms) = preSolution
		Debug|Any CPU = Debug|Any CPU
		Release|Any CPU = Release|Any CPU
	EndGlobalSection
	GlobalSection(ProjectConfigurationPlatforms) = postSolution
		{2E7CDFE0-BA32-425F-8F40-6E1001EC1C30}.Debug|Any CPU.ActiveCfg = Debug|Any CPU
		{2E7CDFE0-BA32-425F-8F40-6E1001EC1C30}.Debug|Any CPU.Build.0 = Debug|Any CPU
		{2E7CDFE0-BA32-425F-8F40-6E1001EC1C30}.Release|Any CPU.ActiveCfg = Release|Any CPU
		{2E7CDFE0-BA32-425F-8F40-6E1001EC1C30}.Release|Any CPU.Build.0 = Release|Any CPU
		{A71436A6-817A-40BE-AA05-AADD941A839D}.Debug|Any CPU.ActiveCfg = Debug|Any CPU
		{A71436A6-817A-40BE-AA05-AADD941A839D}.Debug|Any CPU.Build.0 = Debug|Any CPU
		{A71436A6-817A-40BE-AA05-AADD941A839D}.Release|Any CPU.ActiveCfg = Release|Any CPU
		{A71436A6-817A-40BE-AA05-AADD941A839D}.Release|Any CPU.Build.0 = Release|Any CPU
	EndGlobalSection
	GlobalSection(SolutionProperties) = preSolution
		HideSolutionNode = FALSE
	EndGlobalSection
	GlobalSection(ExtensibilityGlobals) = postSolution
		SolutionGuid = {F53CC723-E107-4D3A-9BF3-920280BDE50C}
	EndGlobalSection
EndGlobal
