
Microsoft Visual Studio Solution File, Format Version 12.00
# Visual Studio Version 16
VisualStudioVersion = 16.0.810.20
MinimumVisualStudioVersion = 10.0.40219.1
Project("{FAE04EC0-301F-11D3-BF4B-00C04F79EFBC}") = "Helper", "Helper\Helper.csproj", "{49B531ED-A5F0-43DA-AA69-7AF20A221DE8}"
EndProject
Project("{2150E333-8FDC-42A3-9474-1A3956D46DE8}") = "OOP", "OOP", "{79E56076-8A91-4746-91FB-D9AD8E2AFB70}"
EndProject
Project("{2150E333-8FDC-42A3-9474-1A3956D46DE8}") = "Solution Items", "Solution Items", "{03BE050F-957F-4659-8A3A-1D97D1CC822D}"
	ProjectSection(SolutionItems) = preProject
		.editorconfig = .editorconfig
	EndProjectSection
EndProject
Project("{2150E333-8FDC-42A3-9474-1A3956D46DE8}") = "106.Lesson", "106.Lesson", "{F54BF088-B109-491E-915F-385BD1212845}"
EndProject
Project("{FAE04EC0-301F-11D3-BF4B-00C04F79EFBC}") = "Folder17Lesson1", "Folder17Lesson1\Folder17Lesson1.csproj", "{84917950-1874-4674-B484-E57F70CD1DBC}"
EndProject
Project("{9344BDBB-3E7F-41FC-A0DD-8665D75EE146}") = "InheritenceLesson", "OOP\InheritenceLesson\InheritenceLesson.csproj", "{094619BE-9713-431A-B10C-5C0692F91FEC}"
EndProject
Project("{9344BDBB-3E7F-41FC-A0DD-8665D75EE146}") = "EncapsulationLesson", "OOP\EncapsulationLesson\EncapsulationLesson.csproj", "{A90B6E54-F034-4617-8D54-14A762263C17}"
EndProject
Project("{9344BDBB-3E7F-41FC-A0DD-8665D75EE146}") = "PolymorphismLesson", "OOP\PolymorphismLesson\PolymorphismLesson.csproj", "{53EE8EC2-FBA0-4F31-BE83-C993B9ACA57F}"
EndProject
Project("{9344BDBB-3E7F-41FC-A0DD-8665D75EE146}") = "AbstractionLesson", "OOP\AbstractionLesson\AbstractionLesson.csproj", "{874E1452-CC0E-4A1E-8D53-FAFF79442274}"
EndProject
Project("{9344BDBB-3E7F-41FC-A0DD-8665D75EE146}") = "PropertiesEncapsulation", "PropertiesEncapsulation\PropertiesEncapsulation.csproj", "{E4B56E3C-65CE-43A1-84F5-5BFF192289C6}"
EndProject
Project("{9344BDBB-3E7F-41FC-A0DD-8665D75EE146}") = "CustomExeptionType", "CustomExeptionType\CustomExeptionType.csproj", "{07F296CF-AAF8-4021-A093-A97128137274}"
EndProject
Project("{9344BDBB-3E7F-41FC-A0DD-8665D75EE146}") = "App.Plugins", "106.Lesson\App.Plugins\App.Plugins.csproj", "{68F5304F-FCE5-43AE-94A0-4C0BDB2CF881}"
EndProject
Project("{9344BDBB-3E7F-41FC-A0DD-8665D75EE146}") = "BankAccounting", "106.Lesson\BankAccounting\BankAccounting.csproj", "{7486EA2D-B6D7-4DB7-BC8A-ECEBEF8B995D}"
EndProject
Project("{9344BDBB-3E7F-41FC-A0DD-8665D75EE146}") = "GreenBank", "106.Lesson\GreenBank\GreenBank.csproj", "{01A90299-ACA5-49FB-A305-4CF0903CDEDD}"
EndProject
Project("{9344BDBB-3E7F-41FC-A0DD-8665D75EE146}") = "TryCatchFinallyExceptions", "TryCatchFinallyExceptions\TryCatchFinallyExceptions.csproj", "{8D5CC0FA-3BBB-480E-90BA-5DFB3B816DDC}"
EndProject
Project("{9344BDBB-3E7F-41FC-A0DD-8665D75EE146}") = "GenericTypes", "GenericTypes\GenericTypes.csproj", "{0940BD29-8C91-4BA4-891C-1B7F351F9078}"
EndProject
Project("{9344BDBB-3E7F-41FC-A0DD-8665D75EE146}") = "BookLibrarySystem", "BookLibrarySystem\BookLibrarySystem.csproj", "{18B1A69E-7A29-4022-84AA-4CA2E5020408}"
EndProject
Project("{9344BDBB-3E7F-41FC-A0DD-8665D75EE146}") = "GenericCollectionsCA", "GenericCollectionsCA\GenericCollectionsCA.csproj", "{BB9F04F2-C547-495C-A24E-2B5A8747BF02}"
EndProject
Project("{9344BDBB-3E7F-41FC-A0DD-8665D75EE146}") = "RemoveFromArrayCA", "RemoveFromArrayCA\RemoveFromArrayCA.csproj", "{5A9278B1-A12B-4EB7-854F-DE5F2816BF37}"
EndProject
Project("{9344BDBB-3E7F-41FC-A0DD-8665D75EE146}") = "ExtensionMethods", "ExtensionMethods\ExtensionMethods.csproj", "{646F16A9-6CC8-4E81-AE68-C95519E36468}"
EndProject
Project("{9344BDBB-3E7F-41FC-A0DD-8665D75EE146}") = "StaticClassAndMethods", "StaticClassAndMethods\StaticClassAndMethods.csproj", "{D533A162-8A69-4353-83C7-0DD1CB99F64E}"
EndProject
Project("{9344BDBB-3E7F-41FC-A0DD-8665D75EE146}") = "InterfaceImplementation", "InterfaceImplementation\InterfaceImplementation.csproj", "{199E5D99-5E3B-487F-811D-5B99302F5644}"
EndProject
Project("{9344BDBB-3E7F-41FC-A0DD-8665D75EE146}") = "AccessModifiers", "AccessModifiers\AccessModifiers.csproj", "{9F324081-9A00-4065-83E4-64C7B54E6D8B}"
EndProject
Project("{9344BDBB-3E7F-41FC-A0DD-8665D75EE146}") = "AccessModifierTestingLibrary", "AccessModifierTestingLibrary\AccessModifierTestingLibrary.csproj", "{5A6154EC-D13E-4556-9684-B09D940818B0}"
EndProject
Project("{9344BDBB-3E7F-41FC-A0DD-8665D75EE146}") = "StructType", "StructType\StructType.csproj", "{11B6A089-A17E-47AC-8636-0E06E24C63B0}"
EndProject
Project("{9344BDBB-3E7F-41FC-A0DD-8665D75EE146}") = "SealedClass", "SealedClass\SealedClass.csproj", "{372D73A9-2ABD-422C-A1CD-3A5849AFF9D7}"
EndProject
Project("{9344BDBB-3E7F-41FC-A0DD-8665D75EE146}") = "Tasks", "Tasks\Tasks.csproj", "{BBCB1819-0854-4BA5-A258-1C0A76F1C0BE}"
EndProject
Project("{9344BDBB-3E7F-41FC-A0DD-8665D75EE146}") = "ConsoleProperties", "ConsoleProperties\ConsoleProperties.csproj", "{647E0418-64B8-42D5-913C-6B7D002EFB01}"
EndProject
Project("{9344BDBB-3E7F-41FC-A0DD-8665D75EE146}") = "NullishCoalescingOperators", "NullishCoalescingOperators\NullishCoalescingOperators.csproj", "{646C1C12-889C-4C2B-9C9E-1BDE40A846CC}"
EndProject
Project("{9344BDBB-3E7F-41FC-A0DD-8665D75EE146}") = "IsAndAs_SafeWayCasting", "IsAndAs_SafeWayCasting\IsAndAs_SafeWayCasting.csproj", "{29B896B4-E3C8-41CA-8C6A-F9EF006C600A}"
EndProject
Project("{9344BDBB-3E7F-41FC-A0DD-8665D75EE146}") = "CastingComplexTypes", "CastingComplexTypes\CastingComplexTypes.csproj", "{97F4B4C6-CE8C-449D-ABB6-E708C5CFB42B}"
EndProject
Project("{9344BDBB-3E7F-41FC-A0DD-8665D75EE146}") = "AddPersonToArray", "AddPersonToArray\AddPersonToArray.csproj", "{6D860182-2592-4223-8B2E-730396FF70BB}"
EndProject
Project("{9344BDBB-3E7F-41FC-A0DD-8665D75EE146}") = "CodeOnCalendar", "CodeOnCalendar\CodeOnCalendar.csproj", "{72D3F234-03EF-4EDF-AADF-8FA728DFF879}"
EndProject
Project("{9344BDBB-3E7F-41FC-A0DD-8665D75EE146}") = "AdditionalExplanations", "AdditionalExplanations\AdditionalExplanations.csproj", "{98E52B36-6BED-4ABD-A2E0-56926710B362}"
EndProject
Project("{9344BDBB-3E7F-41FC-A0DD-8665D75EE146}") = "EnumType", "EnumType\EnumType.csproj", "{5E4E2119-9EA9-425B-844A-2B27B7528AD9}"
EndProject
Project("{9344BDBB-3E7F-41FC-A0DD-8665D75EE146}") = "BoxingUnboxing", "BoxingUnboxing\BoxingUnboxing.csproj", "{05EEAB4F-583C-4048-9F68-1DFE85230E52}"
EndProject
Project("{FAE04EC0-301F-11D3-BF4B-00C04F79EFBC}") = "DelegatesAndEvents", "DelegatesAndEvents\DelegatesAndEvents.csproj", "{593C1B1A-F705-42BA-B3DC-9448051E1B33}"
EndProject
Project("{FAE04EC0-301F-11D3-BF4B-00C04F79EFBC}") = "BuiltInDelegates", "BuiltInDelegates\BuiltInDelegates.csproj", "{3DD4599C-28B9-41C1-BC71-AF9D90D1FFF6}"
EndProject
Global
	GlobalSection(SolutionConfigurationPlatforms) = preSolution
		Debug|Any CPU = Debug|Any CPU
		Release|Any CPU = Release|Any CPU
	EndGlobalSection
	GlobalSection(ProjectConfigurationPlatforms) = postSolution
		{49B531ED-A5F0-43DA-AA69-7AF20A221DE8}.Debug|Any CPU.ActiveCfg = Debug|Any CPU
		{49B531ED-A5F0-43DA-AA69-7AF20A221DE8}.Debug|Any CPU.Build.0 = Debug|Any CPU
		{49B531ED-A5F0-43DA-AA69-7AF20A221DE8}.Release|Any CPU.ActiveCfg = Release|Any CPU
		{49B531ED-A5F0-43DA-AA69-7AF20A221DE8}.Release|Any CPU.Build.0 = Release|Any CPU
		{84917950-1874-4674-B484-E57F70CD1DBC}.Debug|Any CPU.ActiveCfg = Debug|Any CPU
		{84917950-1874-4674-B484-E57F70CD1DBC}.Debug|Any CPU.Build.0 = Debug|Any CPU
		{84917950-1874-4674-B484-E57F70CD1DBC}.Release|Any CPU.ActiveCfg = Release|Any CPU
		{84917950-1874-4674-B484-E57F70CD1DBC}.Release|Any CPU.Build.0 = Release|Any CPU
		{094619BE-9713-431A-B10C-5C0692F91FEC}.Debug|Any CPU.ActiveCfg = Debug|Any CPU
		{094619BE-9713-431A-B10C-5C0692F91FEC}.Debug|Any CPU.Build.0 = Debug|Any CPU
		{094619BE-9713-431A-B10C-5C0692F91FEC}.Release|Any CPU.ActiveCfg = Release|Any CPU
		{094619BE-9713-431A-B10C-5C0692F91FEC}.Release|Any CPU.Build.0 = Release|Any CPU
		{A90B6E54-F034-4617-8D54-14A762263C17}.Debug|Any CPU.ActiveCfg = Debug|Any CPU
		{A90B6E54-F034-4617-8D54-14A762263C17}.Debug|Any CPU.Build.0 = Debug|Any CPU
		{A90B6E54-F034-4617-8D54-14A762263C17}.Release|Any CPU.ActiveCfg = Release|Any CPU
		{A90B6E54-F034-4617-8D54-14A762263C17}.Release|Any CPU.Build.0 = Release|Any CPU
		{53EE8EC2-FBA0-4F31-BE83-C993B9ACA57F}.Debug|Any CPU.ActiveCfg = Debug|Any CPU
		{53EE8EC2-FBA0-4F31-BE83-C993B9ACA57F}.Debug|Any CPU.Build.0 = Debug|Any CPU
		{53EE8EC2-FBA0-4F31-BE83-C993B9ACA57F}.Release|Any CPU.ActiveCfg = Release|Any CPU
		{53EE8EC2-FBA0-4F31-BE83-C993B9ACA57F}.Release|Any CPU.Build.0 = Release|Any CPU
		{874E1452-CC0E-4A1E-8D53-FAFF79442274}.Debug|Any CPU.ActiveCfg = Debug|Any CPU
		{874E1452-CC0E-4A1E-8D53-FAFF79442274}.Debug|Any CPU.Build.0 = Debug|Any CPU
		{874E1452-CC0E-4A1E-8D53-FAFF79442274}.Release|Any CPU.ActiveCfg = Release|Any CPU
		{874E1452-CC0E-4A1E-8D53-FAFF79442274}.Release|Any CPU.Build.0 = Release|Any CPU
		{E4B56E3C-65CE-43A1-84F5-5BFF192289C6}.Debug|Any CPU.ActiveCfg = Debug|Any CPU
		{E4B56E3C-65CE-43A1-84F5-5BFF192289C6}.Debug|Any CPU.Build.0 = Debug|Any CPU
		{E4B56E3C-65CE-43A1-84F5-5BFF192289C6}.Release|Any CPU.ActiveCfg = Release|Any CPU
		{E4B56E3C-65CE-43A1-84F5-5BFF192289C6}.Release|Any CPU.Build.0 = Release|Any CPU
		{07F296CF-AAF8-4021-A093-A97128137274}.Debug|Any CPU.ActiveCfg = Debug|Any CPU
		{07F296CF-AAF8-4021-A093-A97128137274}.Debug|Any CPU.Build.0 = Debug|Any CPU
		{07F296CF-AAF8-4021-A093-A97128137274}.Release|Any CPU.ActiveCfg = Release|Any CPU
		{07F296CF-AAF8-4021-A093-A97128137274}.Release|Any CPU.Build.0 = Release|Any CPU
		{68F5304F-FCE5-43AE-94A0-4C0BDB2CF881}.Debug|Any CPU.ActiveCfg = Debug|Any CPU
		{68F5304F-FCE5-43AE-94A0-4C0BDB2CF881}.Debug|Any CPU.Build.0 = Debug|Any CPU
		{68F5304F-FCE5-43AE-94A0-4C0BDB2CF881}.Release|Any CPU.ActiveCfg = Release|Any CPU
		{68F5304F-FCE5-43AE-94A0-4C0BDB2CF881}.Release|Any CPU.Build.0 = Release|Any CPU
		{7486EA2D-B6D7-4DB7-BC8A-ECEBEF8B995D}.Debug|Any CPU.ActiveCfg = Debug|Any CPU
		{7486EA2D-B6D7-4DB7-BC8A-ECEBEF8B995D}.Debug|Any CPU.Build.0 = Debug|Any CPU
		{7486EA2D-B6D7-4DB7-BC8A-ECEBEF8B995D}.Release|Any CPU.ActiveCfg = Release|Any CPU
		{7486EA2D-B6D7-4DB7-BC8A-ECEBEF8B995D}.Release|Any CPU.Build.0 = Release|Any CPU
		{01A90299-ACA5-49FB-A305-4CF0903CDEDD}.Debug|Any CPU.ActiveCfg = Debug|Any CPU
		{01A90299-ACA5-49FB-A305-4CF0903CDEDD}.Debug|Any CPU.Build.0 = Debug|Any CPU
		{01A90299-ACA5-49FB-A305-4CF0903CDEDD}.Release|Any CPU.ActiveCfg = Release|Any CPU
		{01A90299-ACA5-49FB-A305-4CF0903CDEDD}.Release|Any CPU.Build.0 = Release|Any CPU
		{8D5CC0FA-3BBB-480E-90BA-5DFB3B816DDC}.Debug|Any CPU.ActiveCfg = Debug|Any CPU
		{8D5CC0FA-3BBB-480E-90BA-5DFB3B816DDC}.Debug|Any CPU.Build.0 = Debug|Any CPU
		{8D5CC0FA-3BBB-480E-90BA-5DFB3B816DDC}.Release|Any CPU.ActiveCfg = Release|Any CPU
		{8D5CC0FA-3BBB-480E-90BA-5DFB3B816DDC}.Release|Any CPU.Build.0 = Release|Any CPU
		{0940BD29-8C91-4BA4-891C-1B7F351F9078}.Debug|Any CPU.ActiveCfg = Debug|Any CPU
		{0940BD29-8C91-4BA4-891C-1B7F351F9078}.Debug|Any CPU.Build.0 = Debug|Any CPU
		{0940BD29-8C91-4BA4-891C-1B7F351F9078}.Release|Any CPU.ActiveCfg = Release|Any CPU
		{0940BD29-8C91-4BA4-891C-1B7F351F9078}.Release|Any CPU.Build.0 = Release|Any CPU
		{18B1A69E-7A29-4022-84AA-4CA2E5020408}.Debug|Any CPU.ActiveCfg = Debug|Any CPU
		{18B1A69E-7A29-4022-84AA-4CA2E5020408}.Debug|Any CPU.Build.0 = Debug|Any CPU
		{18B1A69E-7A29-4022-84AA-4CA2E5020408}.Release|Any CPU.ActiveCfg = Release|Any CPU
		{18B1A69E-7A29-4022-84AA-4CA2E5020408}.Release|Any CPU.Build.0 = Release|Any CPU
		{BB9F04F2-C547-495C-A24E-2B5A8747BF02}.Debug|Any CPU.ActiveCfg = Debug|Any CPU
		{BB9F04F2-C547-495C-A24E-2B5A8747BF02}.Debug|Any CPU.Build.0 = Debug|Any CPU
		{BB9F04F2-C547-495C-A24E-2B5A8747BF02}.Release|Any CPU.ActiveCfg = Release|Any CPU
		{BB9F04F2-C547-495C-A24E-2B5A8747BF02}.Release|Any CPU.Build.0 = Release|Any CPU
		{5A9278B1-A12B-4EB7-854F-DE5F2816BF37}.Debug|Any CPU.ActiveCfg = Debug|Any CPU
		{5A9278B1-A12B-4EB7-854F-DE5F2816BF37}.Debug|Any CPU.Build.0 = Debug|Any CPU
		{5A9278B1-A12B-4EB7-854F-DE5F2816BF37}.Release|Any CPU.ActiveCfg = Release|Any CPU
		{5A9278B1-A12B-4EB7-854F-DE5F2816BF37}.Release|Any CPU.Build.0 = Release|Any CPU
		{646F16A9-6CC8-4E81-AE68-C95519E36468}.Debug|Any CPU.ActiveCfg = Debug|Any CPU
		{646F16A9-6CC8-4E81-AE68-C95519E36468}.Debug|Any CPU.Build.0 = Debug|Any CPU
		{646F16A9-6CC8-4E81-AE68-C95519E36468}.Release|Any CPU.ActiveCfg = Release|Any CPU
		{646F16A9-6CC8-4E81-AE68-C95519E36468}.Release|Any CPU.Build.0 = Release|Any CPU
		{D533A162-8A69-4353-83C7-0DD1CB99F64E}.Debug|Any CPU.ActiveCfg = Debug|Any CPU
		{D533A162-8A69-4353-83C7-0DD1CB99F64E}.Debug|Any CPU.Build.0 = Debug|Any CPU
		{D533A162-8A69-4353-83C7-0DD1CB99F64E}.Release|Any CPU.ActiveCfg = Release|Any CPU
		{D533A162-8A69-4353-83C7-0DD1CB99F64E}.Release|Any CPU.Build.0 = Release|Any CPU
		{199E5D99-5E3B-487F-811D-5B99302F5644}.Debug|Any CPU.ActiveCfg = Debug|Any CPU
		{199E5D99-5E3B-487F-811D-5B99302F5644}.Debug|Any CPU.Build.0 = Debug|Any CPU
		{199E5D99-5E3B-487F-811D-5B99302F5644}.Release|Any CPU.ActiveCfg = Release|Any CPU
		{199E5D99-5E3B-487F-811D-5B99302F5644}.Release|Any CPU.Build.0 = Release|Any CPU
		{9F324081-9A00-4065-83E4-64C7B54E6D8B}.Debug|Any CPU.ActiveCfg = Debug|Any CPU
		{9F324081-9A00-4065-83E4-64C7B54E6D8B}.Debug|Any CPU.Build.0 = Debug|Any CPU
		{9F324081-9A00-4065-83E4-64C7B54E6D8B}.Release|Any CPU.ActiveCfg = Release|Any CPU
		{9F324081-9A00-4065-83E4-64C7B54E6D8B}.Release|Any CPU.Build.0 = Release|Any CPU
		{5A6154EC-D13E-4556-9684-B09D940818B0}.Debug|Any CPU.ActiveCfg = Debug|Any CPU
		{5A6154EC-D13E-4556-9684-B09D940818B0}.Debug|Any CPU.Build.0 = Debug|Any CPU
		{5A6154EC-D13E-4556-9684-B09D940818B0}.Release|Any CPU.ActiveCfg = Release|Any CPU
		{5A6154EC-D13E-4556-9684-B09D940818B0}.Release|Any CPU.Build.0 = Release|Any CPU
		{11B6A089-A17E-47AC-8636-0E06E24C63B0}.Debug|Any CPU.ActiveCfg = Debug|Any CPU
		{11B6A089-A17E-47AC-8636-0E06E24C63B0}.Debug|Any CPU.Build.0 = Debug|Any CPU
		{11B6A089-A17E-47AC-8636-0E06E24C63B0}.Release|Any CPU.ActiveCfg = Release|Any CPU
		{11B6A089-A17E-47AC-8636-0E06E24C63B0}.Release|Any CPU.Build.0 = Release|Any CPU
		{372D73A9-2ABD-422C-A1CD-3A5849AFF9D7}.Debug|Any CPU.ActiveCfg = Debug|Any CPU
		{372D73A9-2ABD-422C-A1CD-3A5849AFF9D7}.Debug|Any CPU.Build.0 = Debug|Any CPU
		{372D73A9-2ABD-422C-A1CD-3A5849AFF9D7}.Release|Any CPU.ActiveCfg = Release|Any CPU
		{372D73A9-2ABD-422C-A1CD-3A5849AFF9D7}.Release|Any CPU.Build.0 = Release|Any CPU
		{BBCB1819-0854-4BA5-A258-1C0A76F1C0BE}.Debug|Any CPU.ActiveCfg = Debug|Any CPU
		{BBCB1819-0854-4BA5-A258-1C0A76F1C0BE}.Debug|Any CPU.Build.0 = Debug|Any CPU
		{BBCB1819-0854-4BA5-A258-1C0A76F1C0BE}.Release|Any CPU.ActiveCfg = Release|Any CPU
		{BBCB1819-0854-4BA5-A258-1C0A76F1C0BE}.Release|Any CPU.Build.0 = Release|Any CPU
		{647E0418-64B8-42D5-913C-6B7D002EFB01}.Debug|Any CPU.ActiveCfg = Debug|Any CPU
		{647E0418-64B8-42D5-913C-6B7D002EFB01}.Debug|Any CPU.Build.0 = Debug|Any CPU
		{647E0418-64B8-42D5-913C-6B7D002EFB01}.Release|Any CPU.ActiveCfg = Release|Any CPU
		{647E0418-64B8-42D5-913C-6B7D002EFB01}.Release|Any CPU.Build.0 = Release|Any CPU
		{646C1C12-889C-4C2B-9C9E-1BDE40A846CC}.Debug|Any CPU.ActiveCfg = Debug|Any CPU
		{646C1C12-889C-4C2B-9C9E-1BDE40A846CC}.Debug|Any CPU.Build.0 = Debug|Any CPU
		{646C1C12-889C-4C2B-9C9E-1BDE40A846CC}.Release|Any CPU.ActiveCfg = Release|Any CPU
		{646C1C12-889C-4C2B-9C9E-1BDE40A846CC}.Release|Any CPU.Build.0 = Release|Any CPU
		{29B896B4-E3C8-41CA-8C6A-F9EF006C600A}.Debug|Any CPU.ActiveCfg = Debug|Any CPU
		{29B896B4-E3C8-41CA-8C6A-F9EF006C600A}.Debug|Any CPU.Build.0 = Debug|Any CPU
		{29B896B4-E3C8-41CA-8C6A-F9EF006C600A}.Release|Any CPU.ActiveCfg = Release|Any CPU
		{29B896B4-E3C8-41CA-8C6A-F9EF006C600A}.Release|Any CPU.Build.0 = Release|Any CPU
		{97F4B4C6-CE8C-449D-ABB6-E708C5CFB42B}.Debug|Any CPU.ActiveCfg = Debug|Any CPU
		{97F4B4C6-CE8C-449D-ABB6-E708C5CFB42B}.Debug|Any CPU.Build.0 = Debug|Any CPU
		{97F4B4C6-CE8C-449D-ABB6-E708C5CFB42B}.Release|Any CPU.ActiveCfg = Release|Any CPU
		{97F4B4C6-CE8C-449D-ABB6-E708C5CFB42B}.Release|Any CPU.Build.0 = Release|Any CPU
		{6D860182-2592-4223-8B2E-730396FF70BB}.Debug|Any CPU.ActiveCfg = Debug|Any CPU
		{6D860182-2592-4223-8B2E-730396FF70BB}.Debug|Any CPU.Build.0 = Debug|Any CPU
		{6D860182-2592-4223-8B2E-730396FF70BB}.Release|Any CPU.ActiveCfg = Release|Any CPU
		{6D860182-2592-4223-8B2E-730396FF70BB}.Release|Any CPU.Build.0 = Release|Any CPU
		{72D3F234-03EF-4EDF-AADF-8FA728DFF879}.Debug|Any CPU.ActiveCfg = Debug|Any CPU
		{72D3F234-03EF-4EDF-AADF-8FA728DFF879}.Debug|Any CPU.Build.0 = Debug|Any CPU
		{72D3F234-03EF-4EDF-AADF-8FA728DFF879}.Release|Any CPU.ActiveCfg = Release|Any CPU
		{72D3F234-03EF-4EDF-AADF-8FA728DFF879}.Release|Any CPU.Build.0 = Release|Any CPU
		{98E52B36-6BED-4ABD-A2E0-56926710B362}.Debug|Any CPU.ActiveCfg = Debug|Any CPU
		{98E52B36-6BED-4ABD-A2E0-56926710B362}.Debug|Any CPU.Build.0 = Debug|Any CPU
		{98E52B36-6BED-4ABD-A2E0-56926710B362}.Release|Any CPU.ActiveCfg = Release|Any CPU
		{98E52B36-6BED-4ABD-A2E0-56926710B362}.Release|Any CPU.Build.0 = Release|Any CPU
		{5E4E2119-9EA9-425B-844A-2B27B7528AD9}.Debug|Any CPU.ActiveCfg = Debug|Any CPU
		{5E4E2119-9EA9-425B-844A-2B27B7528AD9}.Debug|Any CPU.Build.0 = Debug|Any CPU
		{5E4E2119-9EA9-425B-844A-2B27B7528AD9}.Release|Any CPU.ActiveCfg = Release|Any CPU
		{5E4E2119-9EA9-425B-844A-2B27B7528AD9}.Release|Any CPU.Build.0 = Release|Any CPU
		{05EEAB4F-583C-4048-9F68-1DFE85230E52}.Debug|Any CPU.ActiveCfg = Debug|Any CPU
		{05EEAB4F-583C-4048-9F68-1DFE85230E52}.Debug|Any CPU.Build.0 = Debug|Any CPU
		{05EEAB4F-583C-4048-9F68-1DFE85230E52}.Release|Any CPU.ActiveCfg = Release|Any CPU
		{05EEAB4F-583C-4048-9F68-1DFE85230E52}.Release|Any CPU.Build.0 = Release|Any CPU
		{593C1B1A-F705-42BA-B3DC-9448051E1B33}.Debug|Any CPU.ActiveCfg = Debug|Any CPU
		{593C1B1A-F705-42BA-B3DC-9448051E1B33}.Debug|Any CPU.Build.0 = Debug|Any CPU
		{593C1B1A-F705-42BA-B3DC-9448051E1B33}.Release|Any CPU.ActiveCfg = Release|Any CPU
		{593C1B1A-F705-42BA-B3DC-9448051E1B33}.Release|Any CPU.Build.0 = Release|Any CPU
		{3DD4599C-28B9-41C1-BC71-AF9D90D1FFF6}.Debug|Any CPU.ActiveCfg = Debug|Any CPU
		{3DD4599C-28B9-41C1-BC71-AF9D90D1FFF6}.Debug|Any CPU.Build.0 = Debug|Any CPU
		{3DD4599C-28B9-41C1-BC71-AF9D90D1FFF6}.Release|Any CPU.ActiveCfg = Release|Any CPU
		{3DD4599C-28B9-41C1-BC71-AF9D90D1FFF6}.Release|Any CPU.Build.0 = Release|Any CPU
	EndGlobalSection
	GlobalSection(SolutionProperties) = preSolution
		HideSolutionNode = FALSE
	EndGlobalSection
	GlobalSection(ExtensibilityGlobals) = postSolution
		SolutionGuid = {1FBB2C77-AA37-487F-A5DD-3159524EC760}
	EndGlobalSection
	GlobalSection(NestedProjects) = preSolution
		{094619BE-9713-431A-B10C-5C0692F91FEC} = {79E56076-8A91-4746-91FB-D9AD8E2AFB70}
		{A90B6E54-F034-4617-8D54-14A762263C17} = {79E56076-8A91-4746-91FB-D9AD8E2AFB70}
		{53EE8EC2-FBA0-4F31-BE83-C993B9ACA57F} = {79E56076-8A91-4746-91FB-D9AD8E2AFB70}
		{874E1452-CC0E-4A1E-8D53-FAFF79442274} = {79E56076-8A91-4746-91FB-D9AD8E2AFB70}
		{E4B56E3C-65CE-43A1-84F5-5BFF192289C6} = {79E56076-8A91-4746-91FB-D9AD8E2AFB70}
		{07F296CF-AAF8-4021-A093-A97128137274} = {F54BF088-B109-491E-915F-385BD1212845}
		{68F5304F-FCE5-43AE-94A0-4C0BDB2CF881} = {F54BF088-B109-491E-915F-385BD1212845}
		{7486EA2D-B6D7-4DB7-BC8A-ECEBEF8B995D} = {F54BF088-B109-491E-915F-385BD1212845}
		{01A90299-ACA5-49FB-A305-4CF0903CDEDD} = {F54BF088-B109-491E-915F-385BD1212845}
	EndGlobalSection
EndGlobal
