
Microsoft Visual Studio Solution File, Format Version 12.00
# Visual Studio Version 16
VisualStudioVersion = 16.0.810.20
MinimumVisualStudioVersion = 10.0.40219.1
Project("{FAE04EC0-301F-11D3-BF4B-00C04F79EFBC}") = "Helper", "Helper\Helper.csproj", "{49B531ED-A5F0-43DA-AA69-7AF20A221DE8}"
EndProject
Project("{2150E333-8FDC-42A3-9474-1A3956D46DE8}") = "OOP", "OOP", "{79E56076-8A91-4746-91FB-D9AD8E2AFB70}"
EndProject
Project("{2150E333-8FDC-42A3-9474-1A3956D46DE8}") = "Solution Items", "Solution Items", "{03BE050F-957F-4659-8A3A-1D97D1CC822D}"
	ProjectSection(SolutionItems) = preProject
		.editorconfig = .editorconfig
	EndProjectSection
EndProject
Project("{2150E333-8FDC-42A3-9474-1A3956D46DE8}") = "106.Lesson", "106.Lesson", "{F54BF088-B109-491E-915F-385BD1212845}"
EndProject
Project("{2150E333-8FDC-42A3-9474-1A3956D46DE8}") = "Banks", "Banks", "{5F33BEF2-9959-4CAD-8D87-3135E65A94E1}"
EndProject
Project("{FAE04EC0-301F-11D3-BF4B-00C04F79EFBC}") = "BankAccounting", "106.Lesson\BankAccounting\BankAccounting.csproj", "{C7512AC2-7558-40B0-A359-9C062FC4F96C}"
EndProject
Project("{FAE04EC0-301F-11D3-BF4B-00C04F79EFBC}") = "ParallelProgrammingCA", "ParallelProgrammingCA\ParallelProgrammingCA.csproj", "{5920E3DB-B065-4784-BD30-85EEF70727F6}"
EndProject
Project("{9344BDBB-3E7F-41FC-A0DD-8665D75EE146}") = "InheritenceLesson", "OOP\InheritenceLesson\InheritenceLesson.csproj", "{C5E114E7-4189-451E-A0FF-6BF2A690AEBD}"
EndProject
Project("{9344BDBB-3E7F-41FC-A0DD-8665D75EE146}") = "EncapsulationLesson", "OOP\EncapsulationLesson\EncapsulationLesson.csproj", "{402E4986-40F3-40F8-B1AD-38E3DCB2B648}"
EndProject
Project("{9344BDBB-3E7F-41FC-A0DD-8665D75EE146}") = "PolymorphismLesson", "OOP\PolymorphismLesson\PolymorphismLesson.csproj", "{0D471CF1-7BA5-4044-BF6C-D18502089B05}"
EndProject
Project("{9344BDBB-3E7F-41FC-A0DD-8665D75EE146}") = "AbstractionLesson", "OOP\AbstractionLesson\AbstractionLesson.csproj", "{5CC778FC-7727-445B-823A-8027585B3111}"
EndProject
Project("{9344BDBB-3E7F-41FC-A0DD-8665D75EE146}") = "PropertiesEncapsulation", "PropertiesEncapsulation\PropertiesEncapsulation.csproj", "{1D6E9694-1B30-4EB9-BB3F-E8F445294039}"
EndProject
Project("{9344BDBB-3E7F-41FC-A0DD-8665D75EE146}") = "CustomExeptionType", "CustomExeptionType\CustomExeptionType.csproj", "{2B070503-7883-49F3-8B4E-E1157C21F0FF}"
EndProject
Project("{9344BDBB-3E7F-41FC-A0DD-8665D75EE146}") = "App.Plugins", "106.Lesson\App.Plugins\App.Plugins.csproj", "{EF3992AC-8543-4846-9F85-1647A59E1FF7}"
EndProject
Project("{9344BDBB-3E7F-41FC-A0DD-8665D75EE146}") = "GreenBank", "106.Lesson\GreenBank\GreenBank.csproj", "{8C6C7C0C-0ACA-4FBF-BD99-CB5C2C742D16}"
EndProject
Project("{9344BDBB-3E7F-41FC-A0DD-8665D75EE146}") = "KapitalBank.ConsoleApp", "KapitalBank.ConsoleApp\KapitalBank.ConsoleApp.csproj", "{60AB0462-315D-4DB6-827C-C4A4DF89CCD9}"
EndProject
Project("{9344BDBB-3E7F-41FC-A0DD-8665D75EE146}") = "AnonymousMethodsCApp", "AnonymousMethodsCApp\AnonymousMethodsCApp.csproj", "{E9F0820F-3F91-45D4-907F-C311CE9FD319}"
EndProject
Project("{9344BDBB-3E7F-41FC-A0DD-8665D75EE146}") = "DelegatesAndEvents", "DelegatesAndEvents\DelegatesAndEvents.csproj", "{CB41747B-48DF-478C-9323-D853A940AD50}"
EndProject
Project("{9344BDBB-3E7F-41FC-A0DD-8665D75EE146}") = "BuiltInDelegates", "BuiltInDelegates\BuiltInDelegates.csproj", "{8F290E89-154F-4F96-96D9-2E239FC2C6E1}"
EndProject
Project("{9344BDBB-3E7F-41FC-A0DD-8665D75EE146}") = "Folder17Lesson1", "Folder17Lesson1\Folder17Lesson1.csproj", "{6F96BB41-018C-4595-A771-2268A94FA93C}"
EndProject
Project("{9344BDBB-3E7F-41FC-A0DD-8665D75EE146}") = "TryCatchFinallyExceptions", "TryCatchFinallyExceptions\TryCatchFinallyExceptions.csproj", "{4177128D-4D97-4C40-A301-1F0A35575E15}"
EndProject
Project("{9344BDBB-3E7F-41FC-A0DD-8665D75EE146}") = "GenericTypes", "GenericTypes\GenericTypes.csproj", "{61BEB48F-9227-41C3-B490-AFCC82A8442D}"
EndProject
Project("{9344BDBB-3E7F-41FC-A0DD-8665D75EE146}") = "BookLibrarySystem", "BookLibrarySystem\BookLibrarySystem.csproj", "{DF155BB7-F057-4B67-AB98-2CA5FA445F0A}"
EndProject
Project("{9344BDBB-3E7F-41FC-A0DD-8665D75EE146}") = "GenericCollectionsCA", "GenericCollectionsCA\GenericCollectionsCA.csproj", "{CEBFE24A-CC44-4A3C-BD2B-DCCB16933141}"
EndProject
Project("{9344BDBB-3E7F-41FC-A0DD-8665D75EE146}") = "RemoveFromArrayCA", "RemoveFromArrayCA\RemoveFromArrayCA.csproj", "{A86BE910-70A9-4C9C-98F8-E03921201DF0}"
EndProject
Project("{9344BDBB-3E7F-41FC-A0DD-8665D75EE146}") = "ExtensionMethods", "ExtensionMethods\ExtensionMethods.csproj", "{FEF1DC3E-3F8A-406D-9BC3-46235FC5FF7D}"
EndProject
Project("{9344BDBB-3E7F-41FC-A0DD-8665D75EE146}") = "StaticClassAndMethods", "StaticClassAndMethods\StaticClassAndMethods.csproj", "{C7FF7359-E9D7-46F9-922C-D1164AA2D3CC}"
EndProject
Project("{9344BDBB-3E7F-41FC-A0DD-8665D75EE146}") = "InterfaceImplementation", "InterfaceImplementation\InterfaceImplementation.csproj", "{4DCF68FC-6012-454D-8649-6306151F5B18}"
EndProject
Project("{9344BDBB-3E7F-41FC-A0DD-8665D75EE146}") = "AccessModifiers", "AccessModifiers\AccessModifiers.csproj", "{09EA71AB-EC46-455D-98C4-3813605E44E5}"
EndProject
Project("{9344BDBB-3E7F-41FC-A0DD-8665D75EE146}") = "AccessModifierTestingLibrary", "AccessModifierTestingLibrary\AccessModifierTestingLibrary.csproj", "{DED564B3-4CF0-4AC5-886F-348BA312CCEB}"
EndProject
Project("{9344BDBB-3E7F-41FC-A0DD-8665D75EE146}") = "StructType", "StructType\StructType.csproj", "{E95D5E08-638D-472C-9E25-4BB19D3EADAA}"
EndProject
Project("{9344BDBB-3E7F-41FC-A0DD-8665D75EE146}") = "SealedClass", "SealedClass\SealedClass.csproj", "{53A74102-1038-487D-A3FE-B67AD17D2826}"
EndProject
Project("{9344BDBB-3E7F-41FC-A0DD-8665D75EE146}") = "Tasks", "Tasks\Tasks.csproj", "{273E9F71-C7E1-4AC2-BAE8-C3A82FD5BAEA}"
EndProject
Project("{9344BDBB-3E7F-41FC-A0DD-8665D75EE146}") = "ConsoleProperties", "ConsoleProperties\ConsoleProperties.csproj", "{8B7EC332-A9ED-4C4D-9B5B-937AD8984AEB}"
EndProject
Project("{9344BDBB-3E7F-41FC-A0DD-8665D75EE146}") = "NullishCoalescingOperators", "NullishCoalescingOperators\NullishCoalescingOperators.csproj", "{B74EA8B7-C769-4BDF-A2D0-9B45025A06AF}"
EndProject
Project("{9344BDBB-3E7F-41FC-A0DD-8665D75EE146}") = "IsAndAs_SafeWayCasting", "IsAndAs_SafeWayCasting\IsAndAs_SafeWayCasting.csproj", "{46E6E505-E525-4182-9523-C6B2D24F122A}"
EndProject
Project("{9344BDBB-3E7F-41FC-A0DD-8665D75EE146}") = "CastingComplexTypes", "CastingComplexTypes\CastingComplexTypes.csproj", "{05A32A54-481C-452A-8DDA-052AD2C1191F}"
EndProject
Project("{9344BDBB-3E7F-41FC-A0DD-8665D75EE146}") = "AddPersonToArray", "AddPersonToArray\AddPersonToArray.csproj", "{EDB39ED7-D121-44C4-808E-FA5D9292F65F}"
EndProject
Project("{9344BDBB-3E7F-41FC-A0DD-8665D75EE146}") = "CodeOnCalendar", "CodeOnCalendar\CodeOnCalendar.csproj", "{DB3A5DFF-547F-424F-9E4F-DFBA9402FE01}"
EndProject
Project("{9344BDBB-3E7F-41FC-A0DD-8665D75EE146}") = "AdditionalExplanations", "AdditionalExplanations\AdditionalExplanations.csproj", "{24DD9E6F-D181-4669-A6FE-A9366B23DC21}"
EndProject
Project("{9344BDBB-3E7F-41FC-A0DD-8665D75EE146}") = "EnumType", "EnumType\EnumType.csproj", "{89D64CCE-84E4-4E62-819F-44B3063CF8EC}"
EndProject
Project("{9344BDBB-3E7F-41FC-A0DD-8665D75EE146}") = "BoxingUnboxing", "BoxingUnboxing\BoxingUnboxing.csproj", "{A1A0366A-66B1-4DCD-9663-502D8D42D04E}"
EndProject
Project("{2150E333-8FDC-42A3-9474-1A3956D46DE8}") = "ParallelProgramming", "ParallelProgramming", "{007A93AF-163A-4957-801F-EF611487919D}"
EndProject
Project("{FAE04EC0-301F-11D3-BF4B-00C04F79EFBC}") = "Htmls", "ParallelProgramming\Htmls\Htmls.csproj", "{58147911-D3A9-484B-8E4A-CF5BFC0F8186}"
EndProject
Global
	GlobalSection(SolutionConfigurationPlatforms) = preSolution
		Debug|Any CPU = Debug|Any CPU
		Release|Any CPU = Release|Any CPU
	EndGlobalSection
	GlobalSection(ProjectConfigurationPlatforms) = postSolution
		{49B531ED-A5F0-43DA-AA69-7AF20A221DE8}.Debug|Any CPU.ActiveCfg = Debug|Any CPU
		{49B531ED-A5F0-43DA-AA69-7AF20A221DE8}.Debug|Any CPU.Build.0 = Debug|Any CPU
		{49B531ED-A5F0-43DA-AA69-7AF20A221DE8}.Release|Any CPU.ActiveCfg = Release|Any CPU
		{49B531ED-A5F0-43DA-AA69-7AF20A221DE8}.Release|Any CPU.Build.0 = Release|Any CPU
		{C7512AC2-7558-40B0-A359-9C062FC4F96C}.Debug|Any CPU.ActiveCfg = Debug|Any CPU
		{C7512AC2-7558-40B0-A359-9C062FC4F96C}.Debug|Any CPU.Build.0 = Debug|Any CPU
		{C7512AC2-7558-40B0-A359-9C062FC4F96C}.Release|Any CPU.ActiveCfg = Release|Any CPU
		{C7512AC2-7558-40B0-A359-9C062FC4F96C}.Release|Any CPU.Build.0 = Release|Any CPU
		{5920E3DB-B065-4784-BD30-85EEF70727F6}.Debug|Any CPU.ActiveCfg = Debug|Any CPU
		{5920E3DB-B065-4784-BD30-85EEF70727F6}.Debug|Any CPU.Build.0 = Debug|Any CPU
		{5920E3DB-B065-4784-BD30-85EEF70727F6}.Release|Any CPU.ActiveCfg = Release|Any CPU
		{5920E3DB-B065-4784-BD30-85EEF70727F6}.Release|Any CPU.Build.0 = Release|Any CPU
		{C5E114E7-4189-451E-A0FF-6BF2A690AEBD}.Debug|Any CPU.ActiveCfg = Debug|Any CPU
		{C5E114E7-4189-451E-A0FF-6BF2A690AEBD}.Debug|Any CPU.Build.0 = Debug|Any CPU
		{C5E114E7-4189-451E-A0FF-6BF2A690AEBD}.Release|Any CPU.ActiveCfg = Release|Any CPU
		{C5E114E7-4189-451E-A0FF-6BF2A690AEBD}.Release|Any CPU.Build.0 = Release|Any CPU
		{402E4986-40F3-40F8-B1AD-38E3DCB2B648}.Debug|Any CPU.ActiveCfg = Debug|Any CPU
		{402E4986-40F3-40F8-B1AD-38E3DCB2B648}.Debug|Any CPU.Build.0 = Debug|Any CPU
		{402E4986-40F3-40F8-B1AD-38E3DCB2B648}.Release|Any CPU.ActiveCfg = Release|Any CPU
		{402E4986-40F3-40F8-B1AD-38E3DCB2B648}.Release|Any CPU.Build.0 = Release|Any CPU
		{0D471CF1-7BA5-4044-BF6C-D18502089B05}.Debug|Any CPU.ActiveCfg = Debug|Any CPU
		{0D471CF1-7BA5-4044-BF6C-D18502089B05}.Debug|Any CPU.Build.0 = Debug|Any CPU
		{0D471CF1-7BA5-4044-BF6C-D18502089B05}.Release|Any CPU.ActiveCfg = Release|Any CPU
		{0D471CF1-7BA5-4044-BF6C-D18502089B05}.Release|Any CPU.Build.0 = Release|Any CPU
		{5CC778FC-7727-445B-823A-8027585B3111}.Debug|Any CPU.ActiveCfg = Debug|Any CPU
		{5CC778FC-7727-445B-823A-8027585B3111}.Debug|Any CPU.Build.0 = Debug|Any CPU
		{5CC778FC-7727-445B-823A-8027585B3111}.Release|Any CPU.ActiveCfg = Release|Any CPU
		{5CC778FC-7727-445B-823A-8027585B3111}.Release|Any CPU.Build.0 = Release|Any CPU
		{1D6E9694-1B30-4EB9-BB3F-E8F445294039}.Debug|Any CPU.ActiveCfg = Debug|Any CPU
		{1D6E9694-1B30-4EB9-BB3F-E8F445294039}.Debug|Any CPU.Build.0 = Debug|Any CPU
		{1D6E9694-1B30-4EB9-BB3F-E8F445294039}.Release|Any CPU.ActiveCfg = Release|Any CPU
		{1D6E9694-1B30-4EB9-BB3F-E8F445294039}.Release|Any CPU.Build.0 = Release|Any CPU
		{2B070503-7883-49F3-8B4E-E1157C21F0FF}.Debug|Any CPU.ActiveCfg = Debug|Any CPU
		{2B070503-7883-49F3-8B4E-E1157C21F0FF}.Debug|Any CPU.Build.0 = Debug|Any CPU
		{2B070503-7883-49F3-8B4E-E1157C21F0FF}.Release|Any CPU.ActiveCfg = Release|Any CPU
		{2B070503-7883-49F3-8B4E-E1157C21F0FF}.Release|Any CPU.Build.0 = Release|Any CPU
		{EF3992AC-8543-4846-9F85-1647A59E1FF7}.Debug|Any CPU.ActiveCfg = Debug|Any CPU
		{EF3992AC-8543-4846-9F85-1647A59E1FF7}.Debug|Any CPU.Build.0 = Debug|Any CPU
		{EF3992AC-8543-4846-9F85-1647A59E1FF7}.Release|Any CPU.ActiveCfg = Release|Any CPU
		{EF3992AC-8543-4846-9F85-1647A59E1FF7}.Release|Any CPU.Build.0 = Release|Any CPU
		{8C6C7C0C-0ACA-4FBF-BD99-CB5C2C742D16}.Debug|Any CPU.ActiveCfg = Debug|Any CPU
		{8C6C7C0C-0ACA-4FBF-BD99-CB5C2C742D16}.Debug|Any CPU.Build.0 = Debug|Any CPU
		{8C6C7C0C-0ACA-4FBF-BD99-CB5C2C742D16}.Release|Any CPU.ActiveCfg = Release|Any CPU
		{8C6C7C0C-0ACA-4FBF-BD99-CB5C2C742D16}.Release|Any CPU.Build.0 = Release|Any CPU
		{60AB0462-315D-4DB6-827C-C4A4DF89CCD9}.Debug|Any CPU.ActiveCfg = Debug|Any CPU
		{60AB0462-315D-4DB6-827C-C4A4DF89CCD9}.Debug|Any CPU.Build.0 = Debug|Any CPU
		{60AB0462-315D-4DB6-827C-C4A4DF89CCD9}.Release|Any CPU.ActiveCfg = Release|Any CPU
		{60AB0462-315D-4DB6-827C-C4A4DF89CCD9}.Release|Any CPU.Build.0 = Release|Any CPU
		{E9F0820F-3F91-45D4-907F-C311CE9FD319}.Debug|Any CPU.ActiveCfg = Debug|Any CPU
		{E9F0820F-3F91-45D4-907F-C311CE9FD319}.Debug|Any CPU.Build.0 = Debug|Any CPU
		{E9F0820F-3F91-45D4-907F-C311CE9FD319}.Release|Any CPU.ActiveCfg = Release|Any CPU
		{E9F0820F-3F91-45D4-907F-C311CE9FD319}.Release|Any CPU.Build.0 = Release|Any CPU
		{CB41747B-48DF-478C-9323-D853A940AD50}.Debug|Any CPU.ActiveCfg = Debug|Any CPU
		{CB41747B-48DF-478C-9323-D853A940AD50}.Debug|Any CPU.Build.0 = Debug|Any CPU
		{CB41747B-48DF-478C-9323-D853A940AD50}.Release|Any CPU.ActiveCfg = Release|Any CPU
		{CB41747B-48DF-478C-9323-D853A940AD50}.Release|Any CPU.Build.0 = Release|Any CPU
		{8F290E89-154F-4F96-96D9-2E239FC2C6E1}.Debug|Any CPU.ActiveCfg = Debug|Any CPU
		{8F290E89-154F-4F96-96D9-2E239FC2C6E1}.Debug|Any CPU.Build.0 = Debug|Any CPU
		{8F290E89-154F-4F96-96D9-2E239FC2C6E1}.Release|Any CPU.ActiveCfg = Release|Any CPU
		{8F290E89-154F-4F96-96D9-2E239FC2C6E1}.Release|Any CPU.Build.0 = Release|Any CPU
		{6F96BB41-018C-4595-A771-2268A94FA93C}.Debug|Any CPU.ActiveCfg = Debug|Any CPU
		{6F96BB41-018C-4595-A771-2268A94FA93C}.Debug|Any CPU.Build.0 = Debug|Any CPU
		{6F96BB41-018C-4595-A771-2268A94FA93C}.Release|Any CPU.ActiveCfg = Release|Any CPU
		{6F96BB41-018C-4595-A771-2268A94FA93C}.Release|Any CPU.Build.0 = Release|Any CPU
		{4177128D-4D97-4C40-A301-1F0A35575E15}.Debug|Any CPU.ActiveCfg = Debug|Any CPU
		{4177128D-4D97-4C40-A301-1F0A35575E15}.Debug|Any CPU.Build.0 = Debug|Any CPU
		{4177128D-4D97-4C40-A301-1F0A35575E15}.Release|Any CPU.ActiveCfg = Release|Any CPU
		{4177128D-4D97-4C40-A301-1F0A35575E15}.Release|Any CPU.Build.0 = Release|Any CPU
		{61BEB48F-9227-41C3-B490-AFCC82A8442D}.Debug|Any CPU.ActiveCfg = Debug|Any CPU
		{61BEB48F-9227-41C3-B490-AFCC82A8442D}.Debug|Any CPU.Build.0 = Debug|Any CPU
		{61BEB48F-9227-41C3-B490-AFCC82A8442D}.Release|Any CPU.ActiveCfg = Release|Any CPU
		{61BEB48F-9227-41C3-B490-AFCC82A8442D}.Release|Any CPU.Build.0 = Release|Any CPU
		{DF155BB7-F057-4B67-AB98-2CA5FA445F0A}.Debug|Any CPU.ActiveCfg = Debug|Any CPU
		{DF155BB7-F057-4B67-AB98-2CA5FA445F0A}.Debug|Any CPU.Build.0 = Debug|Any CPU
		{DF155BB7-F057-4B67-AB98-2CA5FA445F0A}.Release|Any CPU.ActiveCfg = Release|Any CPU
		{DF155BB7-F057-4B67-AB98-2CA5FA445F0A}.Release|Any CPU.Build.0 = Release|Any CPU
		{CEBFE24A-CC44-4A3C-BD2B-DCCB16933141}.Debug|Any CPU.ActiveCfg = Debug|Any CPU
		{CEBFE24A-CC44-4A3C-BD2B-DCCB16933141}.Debug|Any CPU.Build.0 = Debug|Any CPU
		{CEBFE24A-CC44-4A3C-BD2B-DCCB16933141}.Release|Any CPU.ActiveCfg = Release|Any CPU
		{CEBFE24A-CC44-4A3C-BD2B-DCCB16933141}.Release|Any CPU.Build.0 = Release|Any CPU
		{A86BE910-70A9-4C9C-98F8-E03921201DF0}.Debug|Any CPU.ActiveCfg = Debug|Any CPU
		{A86BE910-70A9-4C9C-98F8-E03921201DF0}.Debug|Any CPU.Build.0 = Debug|Any CPU
		{A86BE910-70A9-4C9C-98F8-E03921201DF0}.Release|Any CPU.ActiveCfg = Release|Any CPU
		{A86BE910-70A9-4C9C-98F8-E03921201DF0}.Release|Any CPU.Build.0 = Release|Any CPU
		{FEF1DC3E-3F8A-406D-9BC3-46235FC5FF7D}.Debug|Any CPU.ActiveCfg = Debug|Any CPU
		{FEF1DC3E-3F8A-406D-9BC3-46235FC5FF7D}.Debug|Any CPU.Build.0 = Debug|Any CPU
		{FEF1DC3E-3F8A-406D-9BC3-46235FC5FF7D}.Release|Any CPU.ActiveCfg = Release|Any CPU
		{FEF1DC3E-3F8A-406D-9BC3-46235FC5FF7D}.Release|Any CPU.Build.0 = Release|Any CPU
		{C7FF7359-E9D7-46F9-922C-D1164AA2D3CC}.Debug|Any CPU.ActiveCfg = Debug|Any CPU
		{C7FF7359-E9D7-46F9-922C-D1164AA2D3CC}.Debug|Any CPU.Build.0 = Debug|Any CPU
		{C7FF7359-E9D7-46F9-922C-D1164AA2D3CC}.Release|Any CPU.ActiveCfg = Release|Any CPU
		{C7FF7359-E9D7-46F9-922C-D1164AA2D3CC}.Release|Any CPU.Build.0 = Release|Any CPU
		{4DCF68FC-6012-454D-8649-6306151F5B18}.Debug|Any CPU.ActiveCfg = Debug|Any CPU
		{4DCF68FC-6012-454D-8649-6306151F5B18}.Debug|Any CPU.Build.0 = Debug|Any CPU
		{4DCF68FC-6012-454D-8649-6306151F5B18}.Release|Any CPU.ActiveCfg = Release|Any CPU
		{4DCF68FC-6012-454D-8649-6306151F5B18}.Release|Any CPU.Build.0 = Release|Any CPU
		{09EA71AB-EC46-455D-98C4-3813605E44E5}.Debug|Any CPU.ActiveCfg = Debug|Any CPU
		{09EA71AB-EC46-455D-98C4-3813605E44E5}.Debug|Any CPU.Build.0 = Debug|Any CPU
		{09EA71AB-EC46-455D-98C4-3813605E44E5}.Release|Any CPU.ActiveCfg = Release|Any CPU
		{09EA71AB-EC46-455D-98C4-3813605E44E5}.Release|Any CPU.Build.0 = Release|Any CPU
		{DED564B3-4CF0-4AC5-886F-348BA312CCEB}.Debug|Any CPU.ActiveCfg = Debug|Any CPU
		{DED564B3-4CF0-4AC5-886F-348BA312CCEB}.Debug|Any CPU.Build.0 = Debug|Any CPU
		{DED564B3-4CF0-4AC5-886F-348BA312CCEB}.Release|Any CPU.ActiveCfg = Release|Any CPU
		{DED564B3-4CF0-4AC5-886F-348BA312CCEB}.Release|Any CPU.Build.0 = Release|Any CPU
		{E95D5E08-638D-472C-9E25-4BB19D3EADAA}.Debug|Any CPU.ActiveCfg = Debug|Any CPU
		{E95D5E08-638D-472C-9E25-4BB19D3EADAA}.Debug|Any CPU.Build.0 = Debug|Any CPU
		{E95D5E08-638D-472C-9E25-4BB19D3EADAA}.Release|Any CPU.ActiveCfg = Release|Any CPU
		{E95D5E08-638D-472C-9E25-4BB19D3EADAA}.Release|Any CPU.Build.0 = Release|Any CPU
		{53A74102-1038-487D-A3FE-B67AD17D2826}.Debug|Any CPU.ActiveCfg = Debug|Any CPU
		{53A74102-1038-487D-A3FE-B67AD17D2826}.Debug|Any CPU.Build.0 = Debug|Any CPU
		{53A74102-1038-487D-A3FE-B67AD17D2826}.Release|Any CPU.ActiveCfg = Release|Any CPU
		{53A74102-1038-487D-A3FE-B67AD17D2826}.Release|Any CPU.Build.0 = Release|Any CPU
		{273E9F71-C7E1-4AC2-BAE8-C3A82FD5BAEA}.Debug|Any CPU.ActiveCfg = Debug|Any CPU
		{273E9F71-C7E1-4AC2-BAE8-C3A82FD5BAEA}.Debug|Any CPU.Build.0 = Debug|Any CPU
		{273E9F71-C7E1-4AC2-BAE8-C3A82FD5BAEA}.Release|Any CPU.ActiveCfg = Release|Any CPU
		{273E9F71-C7E1-4AC2-BAE8-C3A82FD5BAEA}.Release|Any CPU.Build.0 = Release|Any CPU
		{8B7EC332-A9ED-4C4D-9B5B-937AD8984AEB}.Debug|Any CPU.ActiveCfg = Debug|Any CPU
		{8B7EC332-A9ED-4C4D-9B5B-937AD8984AEB}.Debug|Any CPU.Build.0 = Debug|Any CPU
		{8B7EC332-A9ED-4C4D-9B5B-937AD8984AEB}.Release|Any CPU.ActiveCfg = Release|Any CPU
		{8B7EC332-A9ED-4C4D-9B5B-937AD8984AEB}.Release|Any CPU.Build.0 = Release|Any CPU
		{B74EA8B7-C769-4BDF-A2D0-9B45025A06AF}.Debug|Any CPU.ActiveCfg = Debug|Any CPU
		{B74EA8B7-C769-4BDF-A2D0-9B45025A06AF}.Debug|Any CPU.Build.0 = Debug|Any CPU
		{B74EA8B7-C769-4BDF-A2D0-9B45025A06AF}.Release|Any CPU.ActiveCfg = Release|Any CPU
		{B74EA8B7-C769-4BDF-A2D0-9B45025A06AF}.Release|Any CPU.Build.0 = Release|Any CPU
		{46E6E505-E525-4182-9523-C6B2D24F122A}.Debug|Any CPU.ActiveCfg = Debug|Any CPU
		{46E6E505-E525-4182-9523-C6B2D24F122A}.Debug|Any CPU.Build.0 = Debug|Any CPU
		{46E6E505-E525-4182-9523-C6B2D24F122A}.Release|Any CPU.ActiveCfg = Release|Any CPU
		{46E6E505-E525-4182-9523-C6B2D24F122A}.Release|Any CPU.Build.0 = Release|Any CPU
		{05A32A54-481C-452A-8DDA-052AD2C1191F}.Debug|Any CPU.ActiveCfg = Debug|Any CPU
		{05A32A54-481C-452A-8DDA-052AD2C1191F}.Debug|Any CPU.Build.0 = Debug|Any CPU
		{05A32A54-481C-452A-8DDA-052AD2C1191F}.Release|Any CPU.ActiveCfg = Release|Any CPU
		{05A32A54-481C-452A-8DDA-052AD2C1191F}.Release|Any CPU.Build.0 = Release|Any CPU
		{EDB39ED7-D121-44C4-808E-FA5D9292F65F}.Debug|Any CPU.ActiveCfg = Debug|Any CPU
		{EDB39ED7-D121-44C4-808E-FA5D9292F65F}.Debug|Any CPU.Build.0 = Debug|Any CPU
		{EDB39ED7-D121-44C4-808E-FA5D9292F65F}.Release|Any CPU.ActiveCfg = Release|Any CPU
		{EDB39ED7-D121-44C4-808E-FA5D9292F65F}.Release|Any CPU.Build.0 = Release|Any CPU
		{DB3A5DFF-547F-424F-9E4F-DFBA9402FE01}.Debug|Any CPU.ActiveCfg = Debug|Any CPU
		{DB3A5DFF-547F-424F-9E4F-DFBA9402FE01}.Debug|Any CPU.Build.0 = Debug|Any CPU
		{DB3A5DFF-547F-424F-9E4F-DFBA9402FE01}.Release|Any CPU.ActiveCfg = Release|Any CPU
		{DB3A5DFF-547F-424F-9E4F-DFBA9402FE01}.Release|Any CPU.Build.0 = Release|Any CPU
		{24DD9E6F-D181-4669-A6FE-A9366B23DC21}.Debug|Any CPU.ActiveCfg = Debug|Any CPU
		{24DD9E6F-D181-4669-A6FE-A9366B23DC21}.Debug|Any CPU.Build.0 = Debug|Any CPU
		{24DD9E6F-D181-4669-A6FE-A9366B23DC21}.Release|Any CPU.ActiveCfg = Release|Any CPU
		{24DD9E6F-D181-4669-A6FE-A9366B23DC21}.Release|Any CPU.Build.0 = Release|Any CPU
		{89D64CCE-84E4-4E62-819F-44B3063CF8EC}.Debug|Any CPU.ActiveCfg = Debug|Any CPU
		{89D64CCE-84E4-4E62-819F-44B3063CF8EC}.Debug|Any CPU.Build.0 = Debug|Any CPU
		{89D64CCE-84E4-4E62-819F-44B3063CF8EC}.Release|Any CPU.ActiveCfg = Release|Any CPU
		{89D64CCE-84E4-4E62-819F-44B3063CF8EC}.Release|Any CPU.Build.0 = Release|Any CPU
		{A1A0366A-66B1-4DCD-9663-502D8D42D04E}.Debug|Any CPU.ActiveCfg = Debug|Any CPU
		{A1A0366A-66B1-4DCD-9663-502D8D42D04E}.Debug|Any CPU.Build.0 = Debug|Any CPU
		{A1A0366A-66B1-4DCD-9663-502D8D42D04E}.Release|Any CPU.ActiveCfg = Release|Any CPU
		{A1A0366A-66B1-4DCD-9663-502D8D42D04E}.Release|Any CPU.Build.0 = Release|Any CPU
		{58147911-D3A9-484B-8E4A-CF5BFC0F8186}.Debug|Any CPU.ActiveCfg = Debug|Any CPU
		{58147911-D3A9-484B-8E4A-CF5BFC0F8186}.Debug|Any CPU.Build.0 = Debug|Any CPU
		{58147911-D3A9-484B-8E4A-CF5BFC0F8186}.Release|Any CPU.ActiveCfg = Release|Any CPU
		{58147911-D3A9-484B-8E4A-CF5BFC0F8186}.Release|Any CPU.Build.0 = Release|Any CPU
	EndGlobalSection
	GlobalSection(SolutionProperties) = preSolution
		HideSolutionNode = FALSE
	EndGlobalSection
	GlobalSection(ExtensibilityGlobals) = postSolution
		SolutionGuid = {1FBB2C77-AA37-487F-A5DD-3159524EC760}
	EndGlobalSection
	GlobalSection(NestedProjects) = preSolution
		{C7512AC2-7558-40B0-A359-9C062FC4F96C} = {F54BF088-B109-491E-915F-385BD1212845}
		{C5E114E7-4189-451E-A0FF-6BF2A690AEBD} = {79E56076-8A91-4746-91FB-D9AD8E2AFB70}
		{402E4986-40F3-40F8-B1AD-38E3DCB2B648} = {79E56076-8A91-4746-91FB-D9AD8E2AFB70}
		{0D471CF1-7BA5-4044-BF6C-D18502089B05} = {79E56076-8A91-4746-91FB-D9AD8E2AFB70}
		{5CC778FC-7727-445B-823A-8027585B3111} = {79E56076-8A91-4746-91FB-D9AD8E2AFB70}
		{1D6E9694-1B30-4EB9-BB3F-E8F445294039} = {79E56076-8A91-4746-91FB-D9AD8E2AFB70}
		{2B070503-7883-49F3-8B4E-E1157C21F0FF} = {F54BF088-B109-491E-915F-385BD1212845}
		{EF3992AC-8543-4846-9F85-1647A59E1FF7} = {F54BF088-B109-491E-915F-385BD1212845}
		{8C6C7C0C-0ACA-4FBF-BD99-CB5C2C742D16} = {F54BF088-B109-491E-915F-385BD1212845}
		{60AB0462-315D-4DB6-827C-C4A4DF89CCD9} = {5F33BEF2-9959-4CAD-8D87-3135E65A94E1}
		{5920E3DB-B065-4784-BD30-85EEF70727F6} = {007A93AF-163A-4957-801F-EF611487919D}
		{58147911-D3A9-484B-8E4A-CF5BFC0F8186} = {007A93AF-163A-4957-801F-EF611487919D}
	EndGlobalSection
EndGlobal
