
Microsoft Visual Studio Solution File, Format Version 12.00
# Visual Studio Version 16
VisualStudioVersion = 16.0.810.20
MinimumVisualStudioVersion = 10.0.40219.1
Project("{FAE04EC0-301F-11D3-BF4B-00C04F79EFBC}") = "Helper", "Helper\Helper.csproj", "{49B531ED-A5F0-43DA-AA69-7AF20A221DE8}"
EndProject
Project("{2150E333-8FDC-42A3-9474-1A3956D46DE8}") = "OOP", "OOP", "{79E56076-8A91-4746-91FB-D9AD8E2AFB70}"
EndProject
Project("{2150E333-8FDC-42A3-9474-1A3956D46DE8}") = "Solution Items", "Solution Items", "{03BE050F-957F-4659-8A3A-1D97D1CC822D}"
	ProjectSection(SolutionItems) = preProject
		.editorconfig = .editorconfig
	EndProjectSection
EndProject
Project("{FAE04EC0-301F-11D3-BF4B-00C04F79EFBC}") = "BookLibrarySystem", "BookLibrarySystem\BookLibrarySystem.csproj", "{BD2FCF12-5666-4E8E-89CE-BCEFBD35184B}"
EndProject
Project("{9344BDBB-3E7F-41FC-A0DD-8665D75EE146}") = "InheritenceLesson", "OOP\InheritenceLesson\InheritenceLesson.csproj", "{BC56D826-4C9C-4E62-BABC-278F563B8C81}"
EndProject
Project("{9344BDBB-3E7F-41FC-A0DD-8665D75EE146}") = "EncapsulationLesson", "OOP\EncapsulationLesson\EncapsulationLesson.csproj", "{17A99C92-BEC8-4522-86B8-CE42B3B47FA7}"
EndProject
Project("{9344BDBB-3E7F-41FC-A0DD-8665D75EE146}") = "PolymorphismLesson", "OOP\PolymorphismLesson\PolymorphismLesson.csproj", "{8C0E6205-2E53-484F-ADEC-C870BFF1D4D2}"
EndProject
Project("{9344BDBB-3E7F-41FC-A0DD-8665D75EE146}") = "AbstractionLesson", "OOP\AbstractionLesson\AbstractionLesson.csproj", "{813CDB6C-BB23-42D8-80F4-2AFA04483827}"
EndProject
Project("{9344BDBB-3E7F-41FC-A0DD-8665D75EE146}") = "PropertiesEncapsulation", "PropertiesEncapsulation\PropertiesEncapsulation.csproj", "{4F2062A3-BD37-403A-8CA4-1E63A3C68057}"
EndProject
Project("{9344BDBB-3E7F-41FC-A0DD-8665D75EE146}") = "GenericCollectionsCA", "GenericCollectionsCA\GenericCollectionsCA.csproj", "{7AFAF7E3-2701-4381-B0BE-F33E3ED636B9}"
EndProject
Project("{9344BDBB-3E7F-41FC-A0DD-8665D75EE146}") = "RemoveFromArrayCA", "RemoveFromArrayCA\RemoveFromArrayCA.csproj", "{6747EC08-BBB4-4E51-AB47-D561CE01BF33}"
EndProject
Project("{9344BDBB-3E7F-41FC-A0DD-8665D75EE146}") = "ExtensionMethods", "ExtensionMethods\ExtensionMethods.csproj", "{89FB682D-F64B-4488-9752-69BFD7C84F86}"
EndProject
Project("{9344BDBB-3E7F-41FC-A0DD-8665D75EE146}") = "StaticClassAndMethods", "StaticClassAndMethods\StaticClassAndMethods.csproj", "{3CE39400-5FBF-4BE5-B351-04AA2B064BF3}"
EndProject
Project("{9344BDBB-3E7F-41FC-A0DD-8665D75EE146}") = "InterfaceImplementation", "InterfaceImplementation\InterfaceImplementation.csproj", "{D08D4A73-206A-469E-9C0C-162E42B57F3E}"
EndProject
Project("{9344BDBB-3E7F-41FC-A0DD-8665D75EE146}") = "AccessModifiers", "AccessModifiers\AccessModifiers.csproj", "{600368FB-4BCD-4127-A078-37165ACDAC51}"
EndProject
Project("{9344BDBB-3E7F-41FC-A0DD-8665D75EE146}") = "AccessModifierTestingLibrary", "AccessModifierTestingLibrary\AccessModifierTestingLibrary.csproj", "{AF2181E0-236C-4855-A8A8-697BAF158A46}"
EndProject
Project("{9344BDBB-3E7F-41FC-A0DD-8665D75EE146}") = "StructType", "StructType\StructType.csproj", "{0860D8A8-7473-43EF-A3B5-8F482A251DE6}"
EndProject
Project("{9344BDBB-3E7F-41FC-A0DD-8665D75EE146}") = "SealedClass", "SealedClass\SealedClass.csproj", "{5CA18C34-7FAE-4A45-B1A0-E18B88DF715A}"
EndProject
Project("{9344BDBB-3E7F-41FC-A0DD-8665D75EE146}") = "Tasks", "Tasks\Tasks.csproj", "{949D7C6D-DEFA-4BDB-8274-3678605A75FB}"
EndProject
Project("{9344BDBB-3E7F-41FC-A0DD-8665D75EE146}") = "ConsoleProperties", "ConsoleProperties\ConsoleProperties.csproj", "{F37FA069-C486-49CF-B4B7-E3351E97E655}"
EndProject
Project("{9344BDBB-3E7F-41FC-A0DD-8665D75EE146}") = "NullishCoalescingOperators", "NullishCoalescingOperators\NullishCoalescingOperators.csproj", "{8EE005CD-440D-4F3B-917C-C4D22E430A3F}"
EndProject
Project("{9344BDBB-3E7F-41FC-A0DD-8665D75EE146}") = "IsAndAs_SafeWayCasting", "IsAndAs_SafeWayCasting\IsAndAs_SafeWayCasting.csproj", "{4CFA25A6-E54A-4CC6-9FB9-D85A4E392857}"
EndProject
Project("{9344BDBB-3E7F-41FC-A0DD-8665D75EE146}") = "CastingComplexTypes", "CastingComplexTypes\CastingComplexTypes.csproj", "{178A2C94-708F-4F49-B656-02EF04FBBE81}"
EndProject
Project("{9344BDBB-3E7F-41FC-A0DD-8665D75EE146}") = "AddPersonToArray", "AddPersonToArray\AddPersonToArray.csproj", "{1E8E6A9B-0C8E-49CA-A495-7EACB00C98A6}"
EndProject
Project("{9344BDBB-3E7F-41FC-A0DD-8665D75EE146}") = "CodeOnCalendar", "CodeOnCalendar\CodeOnCalendar.csproj", "{52D24574-D660-4F07-A749-6752FC04435C}"
EndProject
Project("{9344BDBB-3E7F-41FC-A0DD-8665D75EE146}") = "AdditionalExplanations", "AdditionalExplanations\AdditionalExplanations.csproj", "{9C3BC5B3-99AC-489C-894A-F79A27C0BD55}"
EndProject
Project("{9344BDBB-3E7F-41FC-A0DD-8665D75EE146}") = "EnumType", "EnumType\EnumType.csproj", "{2292F685-E38D-40CC-8D04-79E36F357352}"
EndProject
Project("{9344BDBB-3E7F-41FC-A0DD-8665D75EE146}") = "BoxingUnboxing", "BoxingUnboxing\BoxingUnboxing.csproj", "{889FFF11-5F24-41CF-A694-96BA193A9F62}"
EndProject
Project("{FAE04EC0-301F-11D3-BF4B-00C04F79EFBC}") = "GenericTypes", "GenericTypes\GenericTypes.csproj", "{2B177E87-594A-4123-BE45-914B29E3EBFA}"
EndProject
Global
	GlobalSection(SolutionConfigurationPlatforms) = preSolution
		Debug|Any CPU = Debug|Any CPU
		Release|Any CPU = Release|Any CPU
	EndGlobalSection
	GlobalSection(ProjectConfigurationPlatforms) = postSolution
		{49B531ED-A5F0-43DA-AA69-7AF20A221DE8}.Debug|Any CPU.ActiveCfg = Debug|Any CPU
		{49B531ED-A5F0-43DA-AA69-7AF20A221DE8}.Debug|Any CPU.Build.0 = Debug|Any CPU
		{49B531ED-A5F0-43DA-AA69-7AF20A221DE8}.Release|Any CPU.ActiveCfg = Release|Any CPU
		{49B531ED-A5F0-43DA-AA69-7AF20A221DE8}.Release|Any CPU.Build.0 = Release|Any CPU
		{BD2FCF12-5666-4E8E-89CE-BCEFBD35184B}.Debug|Any CPU.ActiveCfg = Debug|Any CPU
		{BD2FCF12-5666-4E8E-89CE-BCEFBD35184B}.Debug|Any CPU.Build.0 = Debug|Any CPU
		{BD2FCF12-5666-4E8E-89CE-BCEFBD35184B}.Release|Any CPU.ActiveCfg = Release|Any CPU
		{BD2FCF12-5666-4E8E-89CE-BCEFBD35184B}.Release|Any CPU.Build.0 = Release|Any CPU
		{BC56D826-4C9C-4E62-BABC-278F563B8C81}.Debug|Any CPU.ActiveCfg = Debug|Any CPU
		{BC56D826-4C9C-4E62-BABC-278F563B8C81}.Debug|Any CPU.Build.0 = Debug|Any CPU
		{BC56D826-4C9C-4E62-BABC-278F563B8C81}.Release|Any CPU.ActiveCfg = Release|Any CPU
		{BC56D826-4C9C-4E62-BABC-278F563B8C81}.Release|Any CPU.Build.0 = Release|Any CPU
		{17A99C92-BEC8-4522-86B8-CE42B3B47FA7}.Debug|Any CPU.ActiveCfg = Debug|Any CPU
		{17A99C92-BEC8-4522-86B8-CE42B3B47FA7}.Debug|Any CPU.Build.0 = Debug|Any CPU
		{17A99C92-BEC8-4522-86B8-CE42B3B47FA7}.Release|Any CPU.ActiveCfg = Release|Any CPU
		{17A99C92-BEC8-4522-86B8-CE42B3B47FA7}.Release|Any CPU.Build.0 = Release|Any CPU
		{8C0E6205-2E53-484F-ADEC-C870BFF1D4D2}.Debug|Any CPU.ActiveCfg = Debug|Any CPU
		{8C0E6205-2E53-484F-ADEC-C870BFF1D4D2}.Debug|Any CPU.Build.0 = Debug|Any CPU
		{8C0E6205-2E53-484F-ADEC-C870BFF1D4D2}.Release|Any CPU.ActiveCfg = Release|Any CPU
		{8C0E6205-2E53-484F-ADEC-C870BFF1D4D2}.Release|Any CPU.Build.0 = Release|Any CPU
		{813CDB6C-BB23-42D8-80F4-2AFA04483827}.Debug|Any CPU.ActiveCfg = Debug|Any CPU
		{813CDB6C-BB23-42D8-80F4-2AFA04483827}.Debug|Any CPU.Build.0 = Debug|Any CPU
		{813CDB6C-BB23-42D8-80F4-2AFA04483827}.Release|Any CPU.ActiveCfg = Release|Any CPU
		{813CDB6C-BB23-42D8-80F4-2AFA04483827}.Release|Any CPU.Build.0 = Release|Any CPU
		{4F2062A3-BD37-403A-8CA4-1E63A3C68057}.Debug|Any CPU.ActiveCfg = Debug|Any CPU
		{4F2062A3-BD37-403A-8CA4-1E63A3C68057}.Debug|Any CPU.Build.0 = Debug|Any CPU
		{4F2062A3-BD37-403A-8CA4-1E63A3C68057}.Release|Any CPU.ActiveCfg = Release|Any CPU
		{4F2062A3-BD37-403A-8CA4-1E63A3C68057}.Release|Any CPU.Build.0 = Release|Any CPU
		{7AFAF7E3-2701-4381-B0BE-F33E3ED636B9}.Debug|Any CPU.ActiveCfg = Debug|Any CPU
		{7AFAF7E3-2701-4381-B0BE-F33E3ED636B9}.Debug|Any CPU.Build.0 = Debug|Any CPU
		{7AFAF7E3-2701-4381-B0BE-F33E3ED636B9}.Release|Any CPU.ActiveCfg = Release|Any CPU
		{7AFAF7E3-2701-4381-B0BE-F33E3ED636B9}.Release|Any CPU.Build.0 = Release|Any CPU
		{6747EC08-BBB4-4E51-AB47-D561CE01BF33}.Debug|Any CPU.ActiveCfg = Debug|Any CPU
		{6747EC08-BBB4-4E51-AB47-D561CE01BF33}.Debug|Any CPU.Build.0 = Debug|Any CPU
		{6747EC08-BBB4-4E51-AB47-D561CE01BF33}.Release|Any CPU.ActiveCfg = Release|Any CPU
		{6747EC08-BBB4-4E51-AB47-D561CE01BF33}.Release|Any CPU.Build.0 = Release|Any CPU
		{89FB682D-F64B-4488-9752-69BFD7C84F86}.Debug|Any CPU.ActiveCfg = Debug|Any CPU
		{89FB682D-F64B-4488-9752-69BFD7C84F86}.Debug|Any CPU.Build.0 = Debug|Any CPU
		{89FB682D-F64B-4488-9752-69BFD7C84F86}.Release|Any CPU.ActiveCfg = Release|Any CPU
		{89FB682D-F64B-4488-9752-69BFD7C84F86}.Release|Any CPU.Build.0 = Release|Any CPU
		{3CE39400-5FBF-4BE5-B351-04AA2B064BF3}.Debug|Any CPU.ActiveCfg = Debug|Any CPU
		{3CE39400-5FBF-4BE5-B351-04AA2B064BF3}.Debug|Any CPU.Build.0 = Debug|Any CPU
		{3CE39400-5FBF-4BE5-B351-04AA2B064BF3}.Release|Any CPU.ActiveCfg = Release|Any CPU
		{3CE39400-5FBF-4BE5-B351-04AA2B064BF3}.Release|Any CPU.Build.0 = Release|Any CPU
		{D08D4A73-206A-469E-9C0C-162E42B57F3E}.Debug|Any CPU.ActiveCfg = Debug|Any CPU
		{D08D4A73-206A-469E-9C0C-162E42B57F3E}.Debug|Any CPU.Build.0 = Debug|Any CPU
		{D08D4A73-206A-469E-9C0C-162E42B57F3E}.Release|Any CPU.ActiveCfg = Release|Any CPU
		{D08D4A73-206A-469E-9C0C-162E42B57F3E}.Release|Any CPU.Build.0 = Release|Any CPU
		{600368FB-4BCD-4127-A078-37165ACDAC51}.Debug|Any CPU.ActiveCfg = Debug|Any CPU
		{600368FB-4BCD-4127-A078-37165ACDAC51}.Debug|Any CPU.Build.0 = Debug|Any CPU
		{600368FB-4BCD-4127-A078-37165ACDAC51}.Release|Any CPU.ActiveCfg = Release|Any CPU
		{600368FB-4BCD-4127-A078-37165ACDAC51}.Release|Any CPU.Build.0 = Release|Any CPU
		{AF2181E0-236C-4855-A8A8-697BAF158A46}.Debug|Any CPU.ActiveCfg = Debug|Any CPU
		{AF2181E0-236C-4855-A8A8-697BAF158A46}.Debug|Any CPU.Build.0 = Debug|Any CPU
		{AF2181E0-236C-4855-A8A8-697BAF158A46}.Release|Any CPU.ActiveCfg = Release|Any CPU
		{AF2181E0-236C-4855-A8A8-697BAF158A46}.Release|Any CPU.Build.0 = Release|Any CPU
		{0860D8A8-7473-43EF-A3B5-8F482A251DE6}.Debug|Any CPU.ActiveCfg = Debug|Any CPU
		{0860D8A8-7473-43EF-A3B5-8F482A251DE6}.Debug|Any CPU.Build.0 = Debug|Any CPU
		{0860D8A8-7473-43EF-A3B5-8F482A251DE6}.Release|Any CPU.ActiveCfg = Release|Any CPU
		{0860D8A8-7473-43EF-A3B5-8F482A251DE6}.Release|Any CPU.Build.0 = Release|Any CPU
		{5CA18C34-7FAE-4A45-B1A0-E18B88DF715A}.Debug|Any CPU.ActiveCfg = Debug|Any CPU
		{5CA18C34-7FAE-4A45-B1A0-E18B88DF715A}.Debug|Any CPU.Build.0 = Debug|Any CPU
		{5CA18C34-7FAE-4A45-B1A0-E18B88DF715A}.Release|Any CPU.ActiveCfg = Release|Any CPU
		{5CA18C34-7FAE-4A45-B1A0-E18B88DF715A}.Release|Any CPU.Build.0 = Release|Any CPU
		{949D7C6D-DEFA-4BDB-8274-3678605A75FB}.Debug|Any CPU.ActiveCfg = Debug|Any CPU
		{949D7C6D-DEFA-4BDB-8274-3678605A75FB}.Debug|Any CPU.Build.0 = Debug|Any CPU
		{949D7C6D-DEFA-4BDB-8274-3678605A75FB}.Release|Any CPU.ActiveCfg = Release|Any CPU
		{949D7C6D-DEFA-4BDB-8274-3678605A75FB}.Release|Any CPU.Build.0 = Release|Any CPU
		{F37FA069-C486-49CF-B4B7-E3351E97E655}.Debug|Any CPU.ActiveCfg = Debug|Any CPU
		{F37FA069-C486-49CF-B4B7-E3351E97E655}.Debug|Any CPU.Build.0 = Debug|Any CPU
		{F37FA069-C486-49CF-B4B7-E3351E97E655}.Release|Any CPU.ActiveCfg = Release|Any CPU
		{F37FA069-C486-49CF-B4B7-E3351E97E655}.Release|Any CPU.Build.0 = Release|Any CPU
		{8EE005CD-440D-4F3B-917C-C4D22E430A3F}.Debug|Any CPU.ActiveCfg = Debug|Any CPU
		{8EE005CD-440D-4F3B-917C-C4D22E430A3F}.Debug|Any CPU.Build.0 = Debug|Any CPU
		{8EE005CD-440D-4F3B-917C-C4D22E430A3F}.Release|Any CPU.ActiveCfg = Release|Any CPU
		{8EE005CD-440D-4F3B-917C-C4D22E430A3F}.Release|Any CPU.Build.0 = Release|Any CPU
		{4CFA25A6-E54A-4CC6-9FB9-D85A4E392857}.Debug|Any CPU.ActiveCfg = Debug|Any CPU
		{4CFA25A6-E54A-4CC6-9FB9-D85A4E392857}.Debug|Any CPU.Build.0 = Debug|Any CPU
		{4CFA25A6-E54A-4CC6-9FB9-D85A4E392857}.Release|Any CPU.ActiveCfg = Release|Any CPU
		{4CFA25A6-E54A-4CC6-9FB9-D85A4E392857}.Release|Any CPU.Build.0 = Release|Any CPU
		{178A2C94-708F-4F49-B656-02EF04FBBE81}.Debug|Any CPU.ActiveCfg = Debug|Any CPU
		{178A2C94-708F-4F49-B656-02EF04FBBE81}.Debug|Any CPU.Build.0 = Debug|Any CPU
		{178A2C94-708F-4F49-B656-02EF04FBBE81}.Release|Any CPU.ActiveCfg = Release|Any CPU
		{178A2C94-708F-4F49-B656-02EF04FBBE81}.Release|Any CPU.Build.0 = Release|Any CPU
		{1E8E6A9B-0C8E-49CA-A495-7EACB00C98A6}.Debug|Any CPU.ActiveCfg = Debug|Any CPU
		{1E8E6A9B-0C8E-49CA-A495-7EACB00C98A6}.Debug|Any CPU.Build.0 = Debug|Any CPU
		{1E8E6A9B-0C8E-49CA-A495-7EACB00C98A6}.Release|Any CPU.ActiveCfg = Release|Any CPU
		{1E8E6A9B-0C8E-49CA-A495-7EACB00C98A6}.Release|Any CPU.Build.0 = Release|Any CPU
		{52D24574-D660-4F07-A749-6752FC04435C}.Debug|Any CPU.ActiveCfg = Debug|Any CPU
		{52D24574-D660-4F07-A749-6752FC04435C}.Debug|Any CPU.Build.0 = Debug|Any CPU
		{52D24574-D660-4F07-A749-6752FC04435C}.Release|Any CPU.ActiveCfg = Release|Any CPU
		{52D24574-D660-4F07-A749-6752FC04435C}.Release|Any CPU.Build.0 = Release|Any CPU
		{9C3BC5B3-99AC-489C-894A-F79A27C0BD55}.Debug|Any CPU.ActiveCfg = Debug|Any CPU
		{9C3BC5B3-99AC-489C-894A-F79A27C0BD55}.Debug|Any CPU.Build.0 = Debug|Any CPU
		{9C3BC5B3-99AC-489C-894A-F79A27C0BD55}.Release|Any CPU.ActiveCfg = Release|Any CPU
		{9C3BC5B3-99AC-489C-894A-F79A27C0BD55}.Release|Any CPU.Build.0 = Release|Any CPU
		{2292F685-E38D-40CC-8D04-79E36F357352}.Debug|Any CPU.ActiveCfg = Debug|Any CPU
		{2292F685-E38D-40CC-8D04-79E36F357352}.Debug|Any CPU.Build.0 = Debug|Any CPU
		{2292F685-E38D-40CC-8D04-79E36F357352}.Release|Any CPU.ActiveCfg = Release|Any CPU
		{2292F685-E38D-40CC-8D04-79E36F357352}.Release|Any CPU.Build.0 = Release|Any CPU
		{889FFF11-5F24-41CF-A694-96BA193A9F62}.Debug|Any CPU.ActiveCfg = Debug|Any CPU
		{889FFF11-5F24-41CF-A694-96BA193A9F62}.Debug|Any CPU.Build.0 = Debug|Any CPU
		{889FFF11-5F24-41CF-A694-96BA193A9F62}.Release|Any CPU.ActiveCfg = Release|Any CPU
		{889FFF11-5F24-41CF-A694-96BA193A9F62}.Release|Any CPU.Build.0 = Release|Any CPU
		{2B177E87-594A-4123-BE45-914B29E3EBFA}.Debug|Any CPU.ActiveCfg = Debug|Any CPU
		{2B177E87-594A-4123-BE45-914B29E3EBFA}.Debug|Any CPU.Build.0 = Debug|Any CPU
		{2B177E87-594A-4123-BE45-914B29E3EBFA}.Release|Any CPU.ActiveCfg = Release|Any CPU
		{2B177E87-594A-4123-BE45-914B29E3EBFA}.Release|Any CPU.Build.0 = Release|Any CPU
	EndGlobalSection
	GlobalSection(SolutionProperties) = preSolution
		HideSolutionNode = FALSE
	EndGlobalSection
	GlobalSection(ExtensibilityGlobals) = postSolution
		SolutionGuid = {1FBB2C77-AA37-487F-A5DD-3159524EC760}
	EndGlobalSection
	GlobalSection(NestedProjects) = preSolution
		{BC56D826-4C9C-4E62-BABC-278F563B8C81} = {79E56076-8A91-4746-91FB-D9AD8E2AFB70}
		{17A99C92-BEC8-4522-86B8-CE42B3B47FA7} = {79E56076-8A91-4746-91FB-D9AD8E2AFB70}
		{8C0E6205-2E53-484F-ADEC-C870BFF1D4D2} = {79E56076-8A91-4746-91FB-D9AD8E2AFB70}
		{813CDB6C-BB23-42D8-80F4-2AFA04483827} = {79E56076-8A91-4746-91FB-D9AD8E2AFB70}
		{4F2062A3-BD37-403A-8CA4-1E63A3C68057} = {79E56076-8A91-4746-91FB-D9AD8E2AFB70}
	EndGlobalSection
EndGlobal
